{
  "name": "example-payment-authorization-app",
  "version": "1.0.7",
  "lockfileVersion": 3,
  "requires": true,
  "packages": {
    "": {
      "version": "1.0.7",
      "devDependencies": {
        "@types/node": "12.6.2",
        "@vtex/prettier-config": "^1.0.0",
        "typescript": "3.9.7"
      }
    },
    "node_modules/@types/node": {
      "version": "12.6.2",
      "resolved": "https://registry.npmjs.org/@types/node/-/node-12.6.2.tgz",
      "integrity": "sha512-gojym4tX0FWeV2gsW4Xmzo5wxGjXGm550oVUII7f7G5o4BV6c7DBdiG1RRQd+y1bvqRyYtPfMK85UM95vsapqQ==",
      "dev": true,
      "license": "MIT"
    },
    "node_modules/@vtex/prettier-config": {
      "version": "1.0.0",
      "resolved": "https://registry.npmjs.org/@vtex/prettier-config/-/prettier-config-1.0.0.tgz",
      "integrity": "sha512-4Uv67bK2eORhzWg/11J5/+fxPUWY6b0sYdhcqMzIgo0zluXlYqbZU6iueKZ48SxG4ODw8ZaqMRfpNsLd3Gw5+Q==",
      "dev": true,
      "license": "MIT",
      "peerDependencies": {
        "prettier": "^2.4.0"
      }
    },
    "node_modules/prettier": {
      "version": "2.8.8",
      "resolved": "https://registry.npmjs.org/prettier/-/prettier-2.8.8.tgz",
      "integrity": "sha512-tdN8qQGvNjw4CHbY+XXk0JgCXn9QiF21a55rBe5LJAU+kDyC4WQn4+awm2Xfk2lQMk5fKup9XgzTZtGkjBdP9Q==",
      "dev": true,
      "license": "MIT",
      "peer": true,
      "bin": {
        "prettier": "bin-prettier.js"
      },
      "engines": {
        "node": ">=10.13.0"
      },
      "funding": {
        "url": "https://github.com/prettier/prettier?sponsor=1"
      }
    },
    "node_modules/typescript": {
      "version": "3.9.7",
      "resolved": "https://registry.npmjs.org/typescript/-/typescript-3.9.7.tgz",
      "integrity": "sha512-BLbiRkiBzAwsjut4x/dsibSTB6yWpwT5qWmC2OfuCg3GgVQCSgMs4vEctYPhsaGtd0AeuuHMkjZ2h2WG8MSzRw==",
      "dev": true,
      "license": "Apache-2.0",
      "bin": {
        "tsc": "bin/tsc",
        "tsserver": "bin/tsserver"
      },
      "engines": {
        "node": ">=4.2.0"
      }
    }
  }
}
